
Microsoft Visual Studio Solution File, Format Version 12.00
# Visual Studio 15
VisualStudioVersion = 15.0.26430.16
MinimumVisualStudioVersion = 10.0.40219.1
Project("{FAE04EC0-301F-11D3-BF4B-00C04F79EFBC}") = "Aves.Android", "Aves\Aves.Android\Aves.Android.csproj", "{6178E435-7C9D-463A-AA28-CAB91310658F}"
EndProject
Project("{FAE04EC0-301F-11D3-BF4B-00C04F79EFBC}") = "Aves", "Aves\Aves\Aves.csproj", "{0C8FC949-93A2-4003-8C63-3BE49B1E06DB}"
EndProject
Project("{FAE04EC0-301F-11D3-BF4B-00C04F79EFBC}") = "Aves.UWP", "Aves\Aves.UWP\Aves.UWP.csproj", "{F514C483-56F4-45A9-8757-0679F77765B2}"
EndProject
Project("{FAE04EC0-301F-11D3-BF4B-00C04F79EFBC}") = "Aves.iOS", "Aves\Aves.iOS\Aves.iOS.csproj", "{1FDF7587-1566-4953-B715-D9B9BDF4FDDD}"
EndProject
Global
	GlobalSection(SolutionConfigurationPlatforms) = preSolution
		Ad-Hoc|Any CPU = Ad-Hoc|Any CPU
		Ad-Hoc|ARM = Ad-Hoc|ARM
		Ad-Hoc|iPhone = Ad-Hoc|iPhone
		Ad-Hoc|iPhoneSimulator = Ad-Hoc|iPhoneSimulator
		Ad-Hoc|x64 = Ad-Hoc|x64
		Ad-Hoc|x86 = Ad-Hoc|x86
		AppStore|Any CPU = AppStore|Any CPU
		AppStore|ARM = AppStore|ARM
		AppStore|iPhone = AppStore|iPhone
		AppStore|iPhoneSimulator = AppStore|iPhoneSimulator
		AppStore|x64 = AppStore|x64
		AppStore|x86 = AppStore|x86
		Debug|Any CPU = Debug|Any CPU
		Debug|ARM = Debug|ARM
		Debug|iPhone = Debug|iPhone
		Debug|iPhoneSimulator = Debug|iPhoneSimulator
		Debug|x64 = Debug|x64
		Debug|x86 = Debug|x86
		Release|Any CPU = Release|Any CPU
		Release|ARM = Release|ARM
		Release|iPhone = Release|iPhone
		Release|iPhoneSimulator = Release|iPhoneSimulator
		Release|x64 = Release|x64
		Release|x86 = Release|x86
	EndGlobalSection
	GlobalSection(ProjectConfigurationPlatforms) = postSolution
		{6178E435-7C9D-463A-AA28-CAB91310658F}.Ad-Hoc|Any CPU.ActiveCfg = Release|Any CPU
		{6178E435-7C9D-463A-AA28-CAB91310658F}.Ad-Hoc|Any CPU.Build.0 = Release|Any CPU
		{6178E435-7C9D-463A-AA28-CAB91310658F}.Ad-Hoc|Any CPU.Deploy.0 = Release|Any CPU
		{6178E435-7C9D-463A-AA28-CAB91310658F}.Ad-Hoc|ARM.ActiveCfg = Release|Any CPU
		{6178E435-7C9D-463A-AA28-CAB91310658F}.Ad-Hoc|ARM.Build.0 = Release|Any CPU
		{6178E435-7C9D-463A-AA28-CAB91310658F}.Ad-Hoc|ARM.Deploy.0 = Release|Any CPU
		{6178E435-7C9D-463A-AA28-CAB91310658F}.Ad-Hoc|iPhone.ActiveCfg = Release|Any CPU
		{6178E435-7C9D-463A-AA28-CAB91310658F}.Ad-Hoc|iPhone.Build.0 = Release|Any CPU
		{6178E435-7C9D-463A-AA28-CAB91310658F}.Ad-Hoc|iPhone.Deploy.0 = Release|Any CPU
		{6178E435-7C9D-463A-AA28-CAB91310658F}.Ad-Hoc|iPhoneSimulator.ActiveCfg = Release|Any CPU
		{6178E435-7C9D-463A-AA28-CAB91310658F}.Ad-Hoc|iPhoneSimulator.Build.0 = Release|Any CPU
		{6178E435-7C9D-463A-AA28-CAB91310658F}.Ad-Hoc|iPhoneSimulator.Deploy.0 = Release|Any CPU
		{6178E435-7C9D-463A-AA28-CAB91310658F}.Ad-Hoc|x64.ActiveCfg = Release|Any CPU
		{6178E435-7C9D-463A-AA28-CAB91310658F}.Ad-Hoc|x64.Build.0 = Release|Any CPU
		{6178E435-7C9D-463A-AA28-CAB91310658F}.Ad-Hoc|x64.Deploy.0 = Release|Any CPU
		{6178E435-7C9D-463A-AA28-CAB91310658F}.Ad-Hoc|x86.ActiveCfg = Release|Any CPU
		{6178E435-7C9D-463A-AA28-CAB91310658F}.Ad-Hoc|x86.Build.0 = Release|Any CPU
		{6178E435-7C9D-463A-AA28-CAB91310658F}.Ad-Hoc|x86.Deploy.0 = Release|Any CPU
		{6178E435-7C9D-463A-AA28-CAB91310658F}.AppStore|Any CPU.ActiveCfg = Release|Any CPU
		{6178E435-7C9D-463A-AA28-CAB91310658F}.AppStore|Any CPU.Build.0 = Release|Any CPU
		{6178E435-7C9D-463A-AA28-CAB91310658F}.AppStore|Any CPU.Deploy.0 = Release|Any CPU
		{6178E435-7C9D-463A-AA28-CAB91310658F}.AppStore|ARM.ActiveCfg = Release|Any CPU
		{6178E435-7C9D-463A-AA28-CAB91310658F}.AppStore|ARM.Build.0 = Release|Any CPU
		{6178E435-7C9D-463A-AA28-CAB91310658F}.AppStore|ARM.Deploy.0 = Release|Any CPU
		{6178E435-7C9D-463A-AA28-CAB91310658F}.AppStore|iPhone.ActiveCfg = Release|Any CPU
		{6178E435-7C9D-463A-AA28-CAB91310658F}.AppStore|iPhone.Build.0 = Release|Any CPU
		{6178E435-7C9D-463A-AA28-CAB91310658F}.AppStore|iPhone.Deploy.0 = Release|Any CPU
		{6178E435-7C9D-463A-AA28-CAB91310658F}.AppStore|iPhoneSimulator.ActiveCfg = Release|Any CPU
		{6178E435-7C9D-463A-AA28-CAB91310658F}.AppStore|iPhoneSimulator.Build.0 = Release|Any CPU
		{6178E435-7C9D-463A-AA28-CAB91310658F}.AppStore|iPhoneSimulator.Deploy.0 = Release|Any CPU
		{6178E435-7C9D-463A-AA28-CAB91310658F}.AppStore|x64.ActiveCfg = Release|Any CPU
		{6178E435-7C9D-463A-AA28-CAB91310658F}.AppStore|x64.Build.0 = Release|Any CPU
		{6178E435-7C9D-463A-AA28-CAB91310658F}.AppStore|x64.Deploy.0 = Release|Any CPU
		{6178E435-7C9D-463A-AA28-CAB91310658F}.AppStore|x86.ActiveCfg = Release|Any CPU
		{6178E435-7C9D-463A-AA28-CAB91310658F}.AppStore|x86.Build.0 = Release|Any CPU
		{6178E435-7C9D-463A-AA28-CAB91310658F}.AppStore|x86.Deploy.0 = Release|Any CPU
		{6178E435-7C9D-463A-AA28-CAB91310658F}.Debug|Any CPU.ActiveCfg = Debug|Any CPU
		{6178E435-7C9D-463A-AA28-CAB91310658F}.Debug|Any CPU.Build.0 = Debug|Any CPU
		{6178E435-7C9D-463A-AA28-CAB91310658F}.Debug|Any CPU.Deploy.0 = Debug|Any CPU
		{6178E435-7C9D-463A-AA28-CAB91310658F}.Debug|ARM.ActiveCfg = Debug|Any CPU
		{6178E435-7C9D-463A-AA28-CAB91310658F}.Debug|ARM.Build.0 = Debug|Any CPU
		{6178E435-7C9D-463A-AA28-CAB91310658F}.Debug|ARM.Deploy.0 = Debug|Any CPU
		{6178E435-7C9D-463A-AA28-CAB91310658F}.Debug|iPhone.ActiveCfg = Debug|Any CPU
		{6178E435-7C9D-463A-AA28-CAB91310658F}.Debug|iPhone.Build.0 = Debug|Any CPU
		{6178E435-7C9D-463A-AA28-CAB91310658F}.Debug|iPhone.Deploy.0 = Debug|Any CPU
		{6178E435-7C9D-463A-AA28-CAB91310658F}.Debug|iPhoneSimulator.ActiveCfg = Debug|Any CPU
		{6178E435-7C9D-463A-AA28-CAB91310658F}.Debug|iPhoneSimulator.Build.0 = Debug|Any CPU
		{6178E435-7C9D-463A-AA28-CAB91310658F}.Debug|iPhoneSimulator.Deploy.0 = Debug|Any CPU
		{6178E435-7C9D-463A-AA28-CAB91310658F}.Debug|x64.ActiveCfg = Debug|Any CPU
		{6178E435-7C9D-463A-AA28-CAB91310658F}.Debug|x64.Build.0 = Debug|Any CPU
		{6178E435-7C9D-463A-AA28-CAB91310658F}.Debug|x64.Deploy.0 = Debug|Any CPU
		{6178E435-7C9D-463A-AA28-CAB91310658F}.Debug|x86.ActiveCfg = Debug|Any CPU
		{6178E435-7C9D-463A-AA28-CAB91310658F}.Debug|x86.Build.0 = Debug|Any CPU
		{6178E435-7C9D-463A-AA28-CAB91310658F}.Debug|x86.Deploy.0 = Debug|Any CPU
		{6178E435-7C9D-463A-AA28-CAB91310658F}.Release|Any CPU.ActiveCfg = Release|Any CPU
		{6178E435-7C9D-463A-AA28-CAB91310658F}.Release|Any CPU.Build.0 = Release|Any CPU
		{6178E435-7C9D-463A-AA28-CAB91310658F}.Release|Any CPU.Deploy.0 = Release|Any CPU
		{6178E435-7C9D-463A-AA28-CAB91310658F}.Release|ARM.ActiveCfg = Release|Any CPU
		{6178E435-7C9D-463A-AA28-CAB91310658F}.Release|ARM.Build.0 = Release|Any CPU
		{6178E435-7C9D-463A-AA28-CAB91310658F}.Release|ARM.Deploy.0 = Release|Any CPU
		{6178E435-7C9D-463A-AA28-CAB91310658F}.Release|iPhone.ActiveCfg = Release|Any CPU
		{6178E435-7C9D-463A-AA28-CAB91310658F}.Release|iPhone.Build.0 = Release|Any CPU
		{6178E435-7C9D-463A-AA28-CAB91310658F}.Release|iPhone.Deploy.0 = Release|Any CPU
		{6178E435-7C9D-463A-AA28-CAB91310658F}.Release|iPhoneSimulator.ActiveCfg = Release|Any CPU
		{6178E435-7C9D-463A-AA28-CAB91310658F}.Release|iPhoneSimulator.Build.0 = Release|Any CPU
		{6178E435-7C9D-463A-AA28-CAB91310658F}.Release|iPhoneSimulator.Deploy.0 = Release|Any CPU
		{6178E435-7C9D-463A-AA28-CAB91310658F}.Release|x64.ActiveCfg = Release|Any CPU
		{6178E435-7C9D-463A-AA28-CAB91310658F}.Release|x64.Build.0 = Release|Any CPU
		{6178E435-7C9D-463A-AA28-CAB91310658F}.Release|x64.Deploy.0 = Release|Any CPU
		{6178E435-7C9D-463A-AA28-CAB91310658F}.Release|x86.ActiveCfg = Release|Any CPU
		{6178E435-7C9D-463A-AA28-CAB91310658F}.Release|x86.Build.0 = Release|Any CPU
		{6178E435-7C9D-463A-AA28-CAB91310658F}.Release|x86.Deploy.0 = Release|Any CPU
		{0C8FC949-93A2-4003-8C63-3BE49B1E06DB}.Ad-Hoc|Any CPU.ActiveCfg = Release|Any CPU
		{0C8FC949-93A2-4003-8C63-3BE49B1E06DB}.Ad-Hoc|Any CPU.Build.0 = Release|Any CPU
		{0C8FC949-93A2-4003-8C63-3BE49B1E06DB}.Ad-Hoc|ARM.ActiveCfg = Release|Any CPU
		{0C8FC949-93A2-4003-8C63-3BE49B1E06DB}.Ad-Hoc|ARM.Build.0 = Release|Any CPU
		{0C8FC949-93A2-4003-8C63-3BE49B1E06DB}.Ad-Hoc|iPhone.ActiveCfg = Release|Any CPU
		{0C8FC949-93A2-4003-8C63-3BE49B1E06DB}.Ad-Hoc|iPhone.Build.0 = Release|Any CPU
		{0C8FC949-93A2-4003-8C63-3BE49B1E06DB}.Ad-Hoc|iPhoneSimulator.ActiveCfg = Release|Any CPU
		{0C8FC949-93A2-4003-8C63-3BE49B1E06DB}.Ad-Hoc|iPhoneSimulator.Build.0 = Release|Any CPU
		{0C8FC949-93A2-4003-8C63-3BE49B1E06DB}.Ad-Hoc|x64.ActiveCfg = Release|Any CPU
		{0C8FC949-93A2-4003-8C63-3BE49B1E06DB}.Ad-Hoc|x64.Build.0 = Release|Any CPU
		{0C8FC949-93A2-4003-8C63-3BE49B1E06DB}.Ad-Hoc|x86.ActiveCfg = Release|Any CPU
		{0C8FC949-93A2-4003-8C63-3BE49B1E06DB}.Ad-Hoc|x86.Build.0 = Release|Any CPU
		{0C8FC949-93A2-4003-8C63-3BE49B1E06DB}.AppStore|Any CPU.ActiveCfg = Release|Any CPU
		{0C8FC949-93A2-4003-8C63-3BE49B1E06DB}.AppStore|Any CPU.Build.0 = Release|Any CPU
		{0C8FC949-93A2-4003-8C63-3BE49B1E06DB}.AppStore|ARM.ActiveCfg = Release|Any CPU
		{0C8FC949-93A2-4003-8C63-3BE49B1E06DB}.AppStore|ARM.Build.0 = Release|Any CPU
		{0C8FC949-93A2-4003-8C63-3BE49B1E06DB}.AppStore|iPhone.ActiveCfg = Release|Any CPU
		{0C8FC949-93A2-4003-8C63-3BE49B1E06DB}.AppStore|iPhone.Build.0 = Release|Any CPU
		{0C8FC949-93A2-4003-8C63-3BE49B1E06DB}.AppStore|iPhoneSimulator.ActiveCfg = Release|Any CPU
		{0C8FC949-93A2-4003-8C63-3BE49B1E06DB}.AppStore|iPhoneSimulator.Build.0 = Release|Any CPU
		{0C8FC949-93A2-4003-8C63-3BE49B1E06DB}.AppStore|x64.ActiveCfg = Release|Any CPU
		{0C8FC949-93A2-4003-8C63-3BE49B1E06DB}.AppStore|x64.Build.0 = Release|Any CPU
		{0C8FC949-93A2-4003-8C63-3BE49B1E06DB}.AppStore|x86.ActiveCfg = Release|Any CPU
		{0C8FC949-93A2-4003-8C63-3BE49B1E06DB}.AppStore|x86.Build.0 = Release|Any CPU
		{0C8FC949-93A2-4003-8C63-3BE49B1E06DB}.Debug|Any CPU.ActiveCfg = Debug|Any CPU
		{0C8FC949-93A2-4003-8C63-3BE49B1E06DB}.Debug|Any CPU.Build.0 = Debug|Any CPU
		{0C8FC949-93A2-4003-8C63-3BE49B1E06DB}.Debug|ARM.ActiveCfg = Debug|Any CPU
		{0C8FC949-93A2-4003-8C63-3BE49B1E06DB}.Debug|ARM.Build.0 = Debug|Any CPU
		{0C8FC949-93A2-4003-8C63-3BE49B1E06DB}.Debug|iPhone.ActiveCfg = Debug|Any CPU
		{0C8FC949-93A2-4003-8C63-3BE49B1E06DB}.Debug|iPhone.Build.0 = Debug|Any CPU
		{0C8FC949-93A2-4003-8C63-3BE49B1E06DB}.Debug|iPhoneSimulator.ActiveCfg = Debug|Any CPU
		{0C8FC949-93A2-4003-8C63-3BE49B1E06DB}.Debug|iPhoneSimulator.Build.0 = Debug|Any CPU
		{0C8FC949-93A2-4003-8C63-3BE49B1E06DB}.Debug|x64.ActiveCfg = Debug|Any CPU
		{0C8FC949-93A2-4003-8C63-3BE49B1E06DB}.Debug|x64.Build.0 = Debug|Any CPU
		{0C8FC949-93A2-4003-8C63-3BE49B1E06DB}.Debug|x86.ActiveCfg = Debug|Any CPU
		{0C8FC949-93A2-4003-8C63-3BE49B1E06DB}.Debug|x86.Build.0 = Debug|Any CPU
		{0C8FC949-93A2-4003-8C63-3BE49B1E06DB}.Release|Any CPU.ActiveCfg = Release|Any CPU
		{0C8FC949-93A2-4003-8C63-3BE49B1E06DB}.Release|Any CPU.Build.0 = Release|Any CPU
		{0C8FC949-93A2-4003-8C63-3BE49B1E06DB}.Release|ARM.ActiveCfg = Release|Any CPU
		{0C8FC949-93A2-4003-8C63-3BE49B1E06DB}.Release|ARM.Build.0 = Release|Any CPU
		{0C8FC949-93A2-4003-8C63-3BE49B1E06DB}.Release|iPhone.ActiveCfg = Release|Any CPU
		{0C8FC949-93A2-4003-8C63-3BE49B1E06DB}.Release|iPhone.Build.0 = Release|Any CPU
		{0C8FC949-93A2-4003-8C63-3BE49B1E06DB}.Release|iPhoneSimulator.ActiveCfg = Release|Any CPU
		{0C8FC949-93A2-4003-8C63-3BE49B1E06DB}.Release|iPhoneSimulator.Build.0 = Release|Any CPU
		{0C8FC949-93A2-4003-8C63-3BE49B1E06DB}.Release|x64.ActiveCfg = Release|Any CPU
		{0C8FC949-93A2-4003-8C63-3BE49B1E06DB}.Release|x64.Build.0 = Release|Any CPU
		{0C8FC949-93A2-4003-8C63-3BE49B1E06DB}.Release|x86.ActiveCfg = Release|Any CPU
		{0C8FC949-93A2-4003-8C63-3BE49B1E06DB}.Release|x86.Build.0 = Release|Any CPU
		{F514C483-56F4-45A9-8757-0679F77765B2}.Ad-Hoc|Any CPU.ActiveCfg = Release|x86
		{F514C483-56F4-45A9-8757-0679F77765B2}.Ad-Hoc|Any CPU.Build.0 = Release|x86
		{F514C483-56F4-45A9-8757-0679F77765B2}.Ad-Hoc|Any CPU.Deploy.0 = Release|x86
		{F514C483-56F4-45A9-8757-0679F77765B2}.Ad-Hoc|ARM.ActiveCfg = Release|ARM
		{F514C483-56F4-45A9-8757-0679F77765B2}.Ad-Hoc|ARM.Build.0 = Release|ARM
		{F514C483-56F4-45A9-8757-0679F77765B2}.Ad-Hoc|ARM.Deploy.0 = Release|ARM
		{F514C483-56F4-45A9-8757-0679F77765B2}.Ad-Hoc|iPhone.ActiveCfg = Release|x86
		{F514C483-56F4-45A9-8757-0679F77765B2}.Ad-Hoc|iPhone.Build.0 = Release|x86
		{F514C483-56F4-45A9-8757-0679F77765B2}.Ad-Hoc|iPhone.Deploy.0 = Release|x86
		{F514C483-56F4-45A9-8757-0679F77765B2}.Ad-Hoc|iPhoneSimulator.ActiveCfg = Release|x86
		{F514C483-56F4-45A9-8757-0679F77765B2}.Ad-Hoc|iPhoneSimulator.Build.0 = Release|x86
		{F514C483-56F4-45A9-8757-0679F77765B2}.Ad-Hoc|iPhoneSimulator.Deploy.0 = Release|x86
		{F514C483-56F4-45A9-8757-0679F77765B2}.Ad-Hoc|x64.ActiveCfg = Release|x64
		{F514C483-56F4-45A9-8757-0679F77765B2}.Ad-Hoc|x64.Build.0 = Release|x64
		{F514C483-56F4-45A9-8757-0679F77765B2}.Ad-Hoc|x64.Deploy.0 = Release|x64
		{F514C483-56F4-45A9-8757-0679F77765B2}.Ad-Hoc|x86.ActiveCfg = Release|x86
		{F514C483-56F4-45A9-8757-0679F77765B2}.Ad-Hoc|x86.Build.0 = Release|x86
		{F514C483-56F4-45A9-8757-0679F77765B2}.Ad-Hoc|x86.Deploy.0 = Release|x86
		{F514C483-56F4-45A9-8757-0679F77765B2}.AppStore|Any CPU.ActiveCfg = Release|x86
		{F514C483-56F4-45A9-8757-0679F77765B2}.AppStore|Any CPU.Build.0 = Release|x86
		{F514C483-56F4-45A9-8757-0679F77765B2}.AppStore|Any CPU.Deploy.0 = Release|x86
		{F514C483-56F4-45A9-8757-0679F77765B2}.AppStore|ARM.ActiveCfg = Release|ARM
		{F514C483-56F4-45A9-8757-0679F77765B2}.AppStore|ARM.Build.0 = Release|ARM
		{F514C483-56F4-45A9-8757-0679F77765B2}.AppStore|ARM.Deploy.0 = Release|ARM
		{F514C483-56F4-45A9-8757-0679F77765B2}.AppStore|iPhone.ActiveCfg = Release|x86
		{F514C483-56F4-45A9-8757-0679F77765B2}.AppStore|iPhone.Build.0 = Release|x86
		{F514C483-56F4-45A9-8757-0679F77765B2}.AppStore|iPhone.Deploy.0 = Release|x86
		{F514C483-56F4-45A9-8757-0679F77765B2}.AppStore|iPhoneSimulator.ActiveCfg = Release|x86
		{F514C483-56F4-45A9-8757-0679F77765B2}.AppStore|iPhoneSimulator.Build.0 = Release|x86
		{F514C483-56F4-45A9-8757-0679F77765B2}.AppStore|iPhoneSimulator.Deploy.0 = Release|x86
		{F514C483-56F4-45A9-8757-0679F77765B2}.AppStore|x64.ActiveCfg = Release|x64
		{F514C483-56F4-45A9-8757-0679F77765B2}.AppStore|x64.Build.0 = Release|x64
		{F514C483-56F4-45A9-8757-0679F77765B2}.AppStore|x64.Deploy.0 = Release|x64
		{F514C483-56F4-45A9-8757-0679F77765B2}.AppStore|x86.ActiveCfg = Release|x86
		{F514C483-56F4-45A9-8757-0679F77765B2}.AppStore|x86.Build.0 = Release|x86
		{F514C483-56F4-45A9-8757-0679F77765B2}.AppStore|x86.Deploy.0 = Release|x86
		{F514C483-56F4-45A9-8757-0679F77765B2}.Debug|Any CPU.ActiveCfg = Debug|x86
		{F514C483-56F4-45A9-8757-0679F77765B2}.Debug|Any CPU.Build.0 = Debug|x86
		{F514C483-56F4-45A9-8757-0679F77765B2}.Debug|Any CPU.Deploy.0 = Debug|x86
		{F514C483-56F4-45A9-8757-0679F77765B2}.Debug|ARM.ActiveCfg = Debug|ARM
		{F514C483-56F4-45A9-8757-0679F77765B2}.Debug|ARM.Build.0 = Debug|ARM
		{F514C483-56F4-45A9-8757-0679F77765B2}.Debug|ARM.Deploy.0 = Debug|ARM
		{F514C483-56F4-45A9-8757-0679F77765B2}.Debug|iPhone.ActiveCfg = Debug|x86
		{F514C483-56F4-45A9-8757-0679F77765B2}.Debug|iPhoneSimulator.ActiveCfg = Debug|x86
		{F514C483-56F4-45A9-8757-0679F77765B2}.Debug|x64.ActiveCfg = Debug|x64
		{F514C483-56F4-45A9-8757-0679F77765B2}.Debug|x64.Build.0 = Debug|x64
		{F514C483-56F4-45A9-8757-0679F77765B2}.Debug|x64.Deploy.0 = Debug|x64
		{F514C483-56F4-45A9-8757-0679F77765B2}.Debug|x86.ActiveCfg = Debug|x86
		{F514C483-56F4-45A9-8757-0679F77765B2}.Debug|x86.Build.0 = Debug|x86
		{F514C483-56F4-45A9-8757-0679F77765B2}.Debug|x86.Deploy.0 = Debug|x86
		{F514C483-56F4-45A9-8757-0679F77765B2}.Release|Any CPU.ActiveCfg = Release|x86
		{F514C483-56F4-45A9-8757-0679F77765B2}.Release|ARM.ActiveCfg = Release|ARM
		{F514C483-56F4-45A9-8757-0679F77765B2}.Release|ARM.Build.0 = Release|ARM
		{F514C483-56F4-45A9-8757-0679F77765B2}.Release|ARM.Deploy.0 = Release|ARM
		{F514C483-56F4-45A9-8757-0679F77765B2}.Release|iPhone.ActiveCfg = Release|x86
		{F514C483-56F4-45A9-8757-0679F77765B2}.Release|iPhoneSimulator.ActiveCfg = Release|x86
		{F514C483-56F4-45A9-8757-0679F77765B2}.Release|x64.ActiveCfg = Release|x64
		{F514C483-56F4-45A9-8757-0679F77765B2}.Release|x64.Build.0 = Release|x64
		{F514C483-56F4-45A9-8757-0679F77765B2}.Release|x64.Deploy.0 = Release|x64
		{F514C483-56F4-45A9-8757-0679F77765B2}.Release|x86.ActiveCfg = Release|x86
		{F514C483-56F4-45A9-8757-0679F77765B2}.Release|x86.Build.0 = Release|x86
		{F514C483-56F4-45A9-8757-0679F77765B2}.Release|x86.Deploy.0 = Release|x86
		{1FDF7587-1566-4953-B715-D9B9BDF4FDDD}.Ad-Hoc|Any CPU.ActiveCfg = Ad-Hoc|iPhone
		{1FDF7587-1566-4953-B715-D9B9BDF4FDDD}.Ad-Hoc|ARM.ActiveCfg = Ad-Hoc|iPhone
		{1FDF7587-1566-4953-B715-D9B9BDF4FDDD}.Ad-Hoc|iPhone.ActiveCfg = Ad-Hoc|iPhone
		{1FDF7587-1566-4953-B715-D9B9BDF4FDDD}.Ad-Hoc|iPhone.Build.0 = Ad-Hoc|iPhone
		{1FDF7587-1566-4953-B715-D9B9BDF4FDDD}.Ad-Hoc|iPhoneSimulator.ActiveCfg = Ad-Hoc|iPhoneSimulator
		{1FDF7587-1566-4953-B715-D9B9BDF4FDDD}.Ad-Hoc|iPhoneSimulator.Build.0 = Ad-Hoc|iPhoneSimulator
		{1FDF7587-1566-4953-B715-D9B9BDF4FDDD}.Ad-Hoc|x64.ActiveCfg = Ad-Hoc|iPhone
		{1FDF7587-1566-4953-B715-D9B9BDF4FDDD}.Ad-Hoc|x86.ActiveCfg = Ad-Hoc|iPhone
		{1FDF7587-1566-4953-B715-D9B9BDF4FDDD}.AppStore|Any CPU.ActiveCfg = AppStore|iPhone
		{1FDF7587-1566-4953-B715-D9B9BDF4FDDD}.AppStore|ARM.ActiveCfg = AppStore|iPhone
		{1FDF7587-1566-4953-B715-D9B9BDF4FDDD}.AppStore|iPhone.ActiveCfg = AppStore|iPhone
		{1FDF7587-1566-4953-B715-D9B9BDF4FDDD}.AppStore|iPhone.Build.0 = AppStore|iPhone
		{1FDF7587-1566-4953-B715-D9B9BDF4FDDD}.AppStore|iPhoneSimulator.ActiveCfg = AppStore|iPhoneSimulator
		{1FDF7587-1566-4953-B715-D9B9BDF4FDDD}.AppStore|iPhoneSimulator.Build.0 = AppStore|iPhoneSimulator
		{1FDF7587-1566-4953-B715-D9B9BDF4FDDD}.AppStore|x64.ActiveCfg = AppStore|iPhone
		{1FDF7587-1566-4953-B715-D9B9BDF4FDDD}.AppStore|x86.ActiveCfg = AppStore|iPhone
		{1FDF7587-1566-4953-B715-D9B9BDF4FDDD}.Debug|Any CPU.ActiveCfg = Debug|iPhone
		{1FDF7587-1566-4953-B715-D9B9BDF4FDDD}.Debug|ARM.ActiveCfg = Debug|iPhone
		{1FDF7587-1566-4953-B715-D9B9BDF4FDDD}.Debug|iPhone.ActiveCfg = Debug|iPhone
		{1FDF7587-1566-4953-B715-D9B9BDF4FDDD}.Debug|iPhone.Build.0 = Debug|iPhone
		{1FDF7587-1566-4953-B715-D9B9BDF4FDDD}.Debug|iPhoneSimulator.ActiveCfg = Debug|iPhoneSimulator
		{1FDF7587-1566-4953-B715-D9B9BDF4FDDD}.Debug|iPhoneSimulator.Build.0 = Debug|iPhoneSimulator
		{1FDF7587-1566-4953-B715-D9B9BDF4FDDD}.Debug|x64.ActiveCfg = Debug|iPhone
		{1FDF7587-1566-4953-B715-D9B9BDF4FDDD}.Debug|x86.ActiveCfg = Debug|iPhone
		{1FDF7587-1566-4953-B715-D9B9BDF4FDDD}.Release|Any CPU.ActiveCfg = Release|iPhone
		{1FDF7587-1566-4953-B715-D9B9BDF4FDDD}.Release|ARM.ActiveCfg = Release|iPhone
		{1FDF7587-1566-4953-B715-D9B9BDF4FDDD}.Release|iPhone.ActiveCfg = Release|iPhone
		{1FDF7587-1566-4953-B715-D9B9BDF4FDDD}.Release|iPhone.Build.0 = Release|iPhone
		{1FDF7587-1566-4953-B715-D9B9BDF4FDDD}.Release|iPhoneSimulator.ActiveCfg = Release|iPhoneSimulator
		{1FDF7587-1566-4953-B715-D9B9BDF4FDDD}.Release|iPhoneSimulator.Build.0 = Release|iPhoneSimulator
		{1FDF7587-1566-4953-B715-D9B9BDF4FDDD}.Release|x64.ActiveCfg = Release|iPhone
		{1FDF7587-1566-4953-B715-D9B9BDF4FDDD}.Release|x86.ActiveCfg = Release|iPhone
	EndGlobalSection
	GlobalSection(SolutionProperties) = preSolution
		HideSolutionNode = FALSE
	EndGlobalSection
EndGlobal
